
Microsoft Visual Studio Solution File, Format Version 12.00
# Visual Studio 2013
VisualStudioVersion = 12.0.31101.0
MinimumVisualStudioVersion = 10.0.40219.1
Project("{FAE04EC0-301F-11D3-BF4B-00C04F79EFBC}") = "LibChorus", "src\LibChorus\LibChorus.csproj", "{94245366-8F1E-475C-810D-FE89BB3948E0}"
EndProject
Project("{FAE04EC0-301F-11D3-BF4B-00C04F79EFBC}") = "Chorus.Tests", "src\Chorus.Tests\Chorus.Tests.csproj", "{887A58D6-E5C5-4BA1-9C9B-41C6E8F0B915}"
EndProject
Project("{FAE04EC0-301F-11D3-BF4B-00C04F79EFBC}") = "ChorusMerge", "src\ChorusMerge\ChorusMerge.csproj", "{1264E294-F719-491C-863A-703CB48385D8}"
EndProject
Project("{FAE04EC0-301F-11D3-BF4B-00C04F79EFBC}") = "ChorusMerge.Tests", "src\ChorusMerge.Tests\ChorusMerge.Tests.csproj", "{2F4DCA63-3503-4F4E-BEC6-8247F83F3BE4}"
EndProject
Project("{FAE04EC0-301F-11D3-BF4B-00C04F79EFBC}") = "Chorus", "src\Chorus\Chorus.csproj", "{9DA5A655-1881-4BE1-81BA-256E47CF7537}"
EndProject
Project("{FAE04EC0-301F-11D3-BF4B-00C04F79EFBC}") = "SampleApp", "src\SampleApp\SampleApp.csproj", "{550854F0-9247-42C5-B41D-08E96CC17F92}"
EndProject
Project("{FAE04EC0-301F-11D3-BF4B-00C04F79EFBC}") = "Tests-ChorusPlugin", "src\Tests-ChorusPlugin\Tests-ChorusPlugin.csproj", "{1E6F4881-AA72-4AC7-B411-7B7E00C30C25}"
EndProject
Project("{FAE04EC0-301F-11D3-BF4B-00C04F79EFBC}") = "LibChorus.TestUtilities", "src\LibChorus.TestUtilities\LibChorus.TestUtilities.csproj", "{0681E722-1856-44A1-B585-220E6AEC85CB}"
EndProject
Project("{FAE04EC0-301F-11D3-BF4B-00C04F79EFBC}") = "LibChorus.Tests", "src\LibChorusTests\LibChorus.Tests.csproj", "{F9671F8B-8556-44EA-81A7-C236D871B471}"
	ProjectSection(ProjectDependencies) = postProject
		{1E6F4881-AA72-4AC7-B411-7B7E00C30C25} = {1E6F4881-AA72-4AC7-B411-7B7E00C30C25}
	EndProjectSection
EndProject
Project("{FAE04EC0-301F-11D3-BF4B-00C04F79EFBC}") = "ChorusHubApp", "src\ChorusHubApp\ChorusHubApp.csproj", "{EB8C974D-B1C6-4CE0-BFD4-170EFE18790C}"
EndProject
Project("{FAE04EC0-301F-11D3-BF4B-00C04F79EFBC}") = "ChorusHub", "src\ChorusHub\ChorusHub.csproj", "{4D3ECD8D-431D-4B53-B635-017B36B002C9}"
EndProject
Project("{FAE04EC0-301F-11D3-BF4B-00C04F79EFBC}") = "ChorusHubTests", "src\ChorusHubTests\ChorusHubTests.csproj", "{BE491193-6666-4A1C-A23A-FE962632F07D}"
EndProject
Project("{2150E333-8FDC-42A3-9474-1A3956D46DE8}") = "DesignerProjects", "DesignerProjects", "{F8333CC5-791D-499C-B50D-EDA6473B5566}"
EndProject
Project("{FAE04EC0-301F-11D3-BF4B-00C04F79EFBC}") = "Chorus-Designer", "src\Chorus\Chorus-Designer.csproj", "{3A2EBDDF-8D57-4C9A-9A9D-EFA33BF71CBF}"
EndProject
Project("{FAE04EC0-301F-11D3-BF4B-00C04F79EFBC}") = "ChorusHubApp-Designer", "src\ChorusHubApp\ChorusHubApp-Designer.csproj", "{F4231A67-C849-4729-865B-CE35AD195AED}"
EndProject
Project("{FAE04EC0-301F-11D3-BF4B-00C04F79EFBC}") = "SampleApp-Designer", "src\SampleApp\SampleApp-Designer.csproj", "{80804E11-DF9B-41C5-96F2-36B8A3B9F873}"
EndProject
Global
	GlobalSection(SolutionConfigurationPlatforms) = preSolution
		Debug|Any CPU = Debug|Any CPU
		Release|Any CPU = Release|Any CPU
	EndGlobalSection
	GlobalSection(ProjectConfigurationPlatforms) = postSolution
		{94245366-8F1E-475C-810D-FE89BB3948E0}.Debug|Any CPU.ActiveCfg = Debug|Any CPU
		{94245366-8F1E-475C-810D-FE89BB3948E0}.Debug|Any CPU.Build.0 = Debug|Any CPU
		{94245366-8F1E-475C-810D-FE89BB3948E0}.Release|Any CPU.ActiveCfg = Release|Any CPU
		{94245366-8F1E-475C-810D-FE89BB3948E0}.Release|Any CPU.Build.0 = Release|Any CPU
		{887A58D6-E5C5-4BA1-9C9B-41C6E8F0B915}.Debug|Any CPU.ActiveCfg = Debug|Any CPU
		{887A58D6-E5C5-4BA1-9C9B-41C6E8F0B915}.Debug|Any CPU.Build.0 = Debug|Any CPU
		{887A58D6-E5C5-4BA1-9C9B-41C6E8F0B915}.Release|Any CPU.ActiveCfg = Release|Any CPU
		{887A58D6-E5C5-4BA1-9C9B-41C6E8F0B915}.Release|Any CPU.Build.0 = Release|Any CPU
		{1264E294-F719-491C-863A-703CB48385D8}.Debug|Any CPU.ActiveCfg = Debug|Any CPU
		{1264E294-F719-491C-863A-703CB48385D8}.Debug|Any CPU.Build.0 = Debug|Any CPU
		{1264E294-F719-491C-863A-703CB48385D8}.Release|Any CPU.ActiveCfg = Release|Any CPU
		{1264E294-F719-491C-863A-703CB48385D8}.Release|Any CPU.Build.0 = Release|Any CPU
		{2F4DCA63-3503-4F4E-BEC6-8247F83F3BE4}.Debug|Any CPU.ActiveCfg = Debug|Any CPU
		{2F4DCA63-3503-4F4E-BEC6-8247F83F3BE4}.Debug|Any CPU.Build.0 = Debug|Any CPU
		{2F4DCA63-3503-4F4E-BEC6-8247F83F3BE4}.Release|Any CPU.ActiveCfg = Release|Any CPU
		{2F4DCA63-3503-4F4E-BEC6-8247F83F3BE4}.Release|Any CPU.Build.0 = Release|Any CPU
		{9DA5A655-1881-4BE1-81BA-256E47CF7537}.Debug|Any CPU.ActiveCfg = Debug|Any CPU
		{9DA5A655-1881-4BE1-81BA-256E47CF7537}.Debug|Any CPU.Build.0 = Debug|Any CPU
		{9DA5A655-1881-4BE1-81BA-256E47CF7537}.Release|Any CPU.ActiveCfg = Release|Any CPU
		{9DA5A655-1881-4BE1-81BA-256E47CF7537}.Release|Any CPU.Build.0 = Release|Any CPU
		{550854F0-9247-42C5-B41D-08E96CC17F92}.Debug|Any CPU.ActiveCfg = Debug|Any CPU
		{550854F0-9247-42C5-B41D-08E96CC17F92}.Release|Any CPU.ActiveCfg = Release|Any CPU
		{0681E722-1856-44A1-B585-220E6AEC85CB}.Debug|Any CPU.ActiveCfg = Debug|Any CPU
		{0681E722-1856-44A1-B585-220E6AEC85CB}.Release|Any CPU.ActiveCfg = Release|Any CPU
		{0681E722-1856-44A1-B585-220E6AEC85CB}.Debug|Any CPU.Build.0 = Debug|Any CPU
		{0681E722-1856-44A1-B585-220E6AEC85CB}.Release|Any CPU.Build.0 = Release|Any CPU
		{F9671F8B-8556-44EA-81A7-C236D871B471}.Debug|Any CPU.ActiveCfg = Debug|Any CPU
		{F9671F8B-8556-44EA-81A7-C236D871B471}.Debug|Any CPU.Build.0 = Debug|Any CPU
		{F9671F8B-8556-44EA-81A7-C236D871B471}.Release|Any CPU.ActiveCfg = Release|Any CPU
		{F9671F8B-8556-44EA-81A7-C236D871B471}.Release|Any CPU.Build.0 = Release|Any CPU
		{EB8C974D-B1C6-4CE0-BFD4-170EFE18790C}.Debug|Any CPU.ActiveCfg = Debug|Any CPU
		{EB8C974D-B1C6-4CE0-BFD4-170EFE18790C}.Debug|Any CPU.Build.0 = Debug|Any CPU
		{EB8C974D-B1C6-4CE0-BFD4-170EFE18790C}.Release|Any CPU.ActiveCfg = Release|Any CPU
		{EB8C974D-B1C6-4CE0-BFD4-170EFE18790C}.Release|Any CPU.Build.0 = Release|Any CPU
		{4D3ECD8D-431D-4B53-B635-017B36B002C9}.Debug|Any CPU.ActiveCfg = Debug|Any CPU
		{4D3ECD8D-431D-4B53-B635-017B36B002C9}.Debug|Any CPU.Build.0 = Debug|Any CPU
		{4D3ECD8D-431D-4B53-B635-017B36B002C9}.Release|Any CPU.ActiveCfg = Release|Any CPU
		{4D3ECD8D-431D-4B53-B635-017B36B002C9}.Release|Any CPU.Build.0 = Release|Any CPU
		{BE491193-6666-4A1C-A23A-FE962632F07D}.Release|Any CPU.ActiveCfg = Release|Any CPU
		{BE491193-6666-4A1C-A23A-FE962632F07D}.Release|Any CPU.Build.0 = Release|Any CPU
		{BE491193-6666-4A1C-A23A-FE962632F07D}.Debug|Any CPU.ActiveCfg = Debug|Any CPU
		{BE491193-6666-4A1C-A23A-FE962632F07D}.Debug|Any CPU.Build.0 = Debug|Any CPU
		{1E6F4881-AA72-4AC7-B411-7B7E00C30C25}.Debug|Any CPU.ActiveCfg = Debug|Any CPU
		{1E6F4881-AA72-4AC7-B411-7B7E00C30C25}.Release|Any CPU.ActiveCfg = Release|Any CPU
		{1E6F4881-AA72-4AC7-B411-7B7E00C30C25}.Debug|Any CPU.Build.0 = Debug|Any CPU
		{1E6F4881-AA72-4AC7-B411-7B7E00C30C25}.Release|Any CPU.Build.0 = Release|Any CPU
		{3A2EBDDF-8D57-4C9A-9A9D-EFA33BF71CBF}.Debug|Any CPU.ActiveCfg = Debug|Any CPU
		{3A2EBDDF-8D57-4C9A-9A9D-EFA33BF71CBF}.Release|Any CPU.ActiveCfg = Release|Any CPU
		{F4231A67-C849-4729-865B-CE35AD195AED}.Debug|Any CPU.ActiveCfg = Debug|Any CPU
		{F4231A67-C849-4729-865B-CE35AD195AED}.Release|Any CPU.ActiveCfg = Release|Any CPU
		{80804E11-DF9B-41C5-96F2-36B8A3B9F873}.Debug|Any CPU.ActiveCfg = Debug|Any CPU
		{80804E11-DF9B-41C5-96F2-36B8A3B9F873}.Release|Any CPU.ActiveCfg = Release|Any CPU
	EndGlobalSection
	GlobalSection(SolutionProperties) = preSolution
		HideSolutionNode = FALSE
	EndGlobalSection
	GlobalSection(MonoDevelopProperties) = preSolution
		StartupItem = src\ChorusHub\ChorusHub.csproj
	EndGlobalSection
	GlobalSection(NestedProjects) = preSolution
		{3A2EBDDF-8D57-4C9A-9A9D-EFA33BF71CBF} = {F8333CC5-791D-499C-B50D-EDA6473B5566}
		{F4231A67-C849-4729-865B-CE35AD195AED} = {F8333CC5-791D-499C-B50D-EDA6473B5566}
		{80804E11-DF9B-41C5-96F2-36B8A3B9F873} = {F8333CC5-791D-499C-B50D-EDA6473B5566}
	EndGlobalSection
EndGlobal
