
Microsoft Visual Studio Solution File, Format Version 10.00
# Visual Studio 2008
Project("{FAE04EC0-301F-11D3-BF4B-00C04F79EFBC}") = "Chorus", "Chorus\Chorus.csproj", "{9DA5A655-1881-4BE1-81BA-256E47CF7537}"
EndProject
Project("{FAE04EC0-301F-11D3-BF4B-00C04F79EFBC}") = "ConsoleApplication1", "ConsoleApplication1\ConsoleApplication1.csproj", "{3475C711-EA67-4A95-A0FF-5FFF978B3AE7}"
EndProject
Global
	GlobalSection(SolutionConfigurationPlatforms) = preSolution
		Debug|Any CPU = Debug|Any CPU
		Debug|x86 = Debug|x86
		Release|Any CPU = Release|Any CPU
		Release|x86 = Release|x86
	EndGlobalSection
	GlobalSection(ProjectConfigurationPlatforms) = postSolution
		{9DA5A655-1881-4BE1-81BA-256E47CF7537}.Debug|Any CPU.ActiveCfg = Debug|Any CPU
		{9DA5A655-1881-4BE1-81BA-256E47CF7537}.Debug|Any CPU.Build.0 = Debug|Any CPU
		{9DA5A655-1881-4BE1-81BA-256E47CF7537}.Debug|x86.ActiveCfg = Debug|x86
		{9DA5A655-1881-4BE1-81BA-256E47CF7537}.Debug|x86.Build.0 = Debug|x86
		{9DA5A655-1881-4BE1-81BA-256E47CF7537}.Release|Any CPU.ActiveCfg = Release|Any CPU
		{9DA5A655-1881-4BE1-81BA-256E47CF7537}.Release|Any CPU.Build.0 = Release|Any CPU
		{9DA5A655-1881-4BE1-81BA-256E47CF7537}.Release|x86.ActiveCfg = Release|x86
		{9DA5A655-1881-4BE1-81BA-256E47CF7537}.Release|x86.Build.0 = Release|x86
		{3475C711-EA67-4A95-A0FF-5FFF978B3AE7}.Debug|Any CPU.ActiveCfg = Debug|Any CPU
		{3475C711-EA67-4A95-A0FF-5FFF978B3AE7}.Debug|Any CPU.Build.0 = Debug|Any CPU
		{3475C711-EA67-4A95-A0FF-5FFF978B3AE7}.Debug|x86.ActiveCfg = Debug|x86
		{3475C711-EA67-4A95-A0FF-5FFF978B3AE7}.Debug|x86.Build.0 = Debug|x86
		{3475C711-EA67-4A95-A0FF-5FFF978B3AE7}.Release|Any CPU.ActiveCfg = Release|Any CPU
		{3475C711-EA67-4A95-A0FF-5FFF978B3AE7}.Release|Any CPU.Build.0 = Release|Any CPU
		{3475C711-EA67-4A95-A0FF-5FFF978B3AE7}.Release|x86.ActiveCfg = Release|x86
		{3475C711-EA67-4A95-A0FF-5FFF978B3AE7}.Release|x86.Build.0 = Release|x86
	EndGlobalSection
	GlobalSection(SolutionProperties) = preSolution
		HideSolutionNode = FALSE
	EndGlobalSection
EndGlobal
